{
    "_meta": {
        "hash": {
            "sha256": "71f921805b240e5c649ded3ff40a4c00404e110b121f1cab29c519e53c9a3428"
        },
        "pipfile-spec": 6,
        "requires": {
            "python_version": "3.10"
        },
        "sources": [
            {
                "name": "pypi",
                "url": "https://pypi.org/simple",
                "verify_ssl": true
            }
        ]
    },
    "default": {
        "pyffx": {
            "hashes": [
                "sha256:9ec77202e2f30810b7743969aa28af1c70711e0893d9b7a0661c6d57cf922b12"
            ],
            "index": "pypi",
            "version": "==0.3.0"
        },
        "six": {
            "hashes": [
                "sha256:1e61c37477a1626458e36f7b1d82aa5c9b094fa4802892072e49de9c60c4c926",
                "sha256:8abb2f1d86890a2dfb989f9a77cfcfd3e47c2a354b01111771326f8aa26e0254"
            ],
            "markers": "python_version >= '2.7' and python_version not in '3.0, 3.1, 3.2'",
            "version": "==1.16.0"
        }
    },
    "develop": {}
}
